# This file is automatically @generated by Wally.
# It is not intended for manual editing.
registry = "test"

[[package]]
name = "howmanysmall/better-signal"
version = "1.0.0"
dependencies = []

[[package]]
name = "howmanysmall/locker"
version = "1.0.0"
dependencies = []

[[package]]
name = "howmanysmall/sillystate"
version = "1.0.0"
dependencies = [["Locker", "howmanysmall/locker@1.0.0"], ["Signal", "howmanysmall/better-signal@1.0.0"], ["TaskQueue", "sleitnick/task-queue@0.1.1"], ["t", "osyrisrblx/t@3.0.0"]]

[[package]]
name = "osyrisrblx/t"
version = "3.0.0"
dependencies = []

[[package]]
name = "sleitnick/task-queue"
version = "0.1.1"
dependencies = []
